// !$*UTF8*$!
{
	archiveVersion = 1;
	classes = {
	};
	objectVersion = 51;
	objects = {

/* Begin PBXBuildFile section */
		741E2B96232E361700350F42 /* GroupListViewModel.swift in Sources */ = {isa = PBXBuildFile; fileRef = 741E2B95232E361700350F42 /* GroupListViewModel.swift */; };
		742468BE2338422D00528202 /* Search.storyboard in Resources */ = {isa = PBXBuildFile; fileRef = 742468BD2338422D00528202 /* Search.storyboard */; };
		742468C12338425800528202 /* SearchViewController.swift in Sources */ = {isa = PBXBuildFile; fileRef = 742468C02338425800528202 /* SearchViewController.swift */; };
		742E5F4E23304E8E001EDF54 /* AddGroupViewModel.swift in Sources */ = {isa = PBXBuildFile; fileRef = 742E5F4D23304E8E001EDF54 /* AddGroupViewModel.swift */; };
		742E5F5023306373001EDF54 /* MemberStatusType.swift in Sources */ = {isa = PBXBuildFile; fileRef = 742E5F4F23306373001EDF54 /* MemberStatusType.swift */; };
		742E5F522331A6EA001EDF54 /* AlertManager.swift in Sources */ = {isa = PBXBuildFile; fileRef = 742E5F512331A6EA001EDF54 /* AlertManager.swift */; };
		742E5F552331B5D5001EDF54 /* ExpenseHeaderFooterView.swift in Sources */ = {isa = PBXBuildFile; fileRef = 742E5F542331B5D5001EDF54 /* ExpenseHeaderFooterView.swift */; };
		743F4E62232F3FA3009BA6BA /* Menu.storyboard in Resources */ = {isa = PBXBuildFile; fileRef = 743F4E61232F3FA3009BA6BA /* Menu.storyboard */; };
		743F4E64232F4317009BA6BA /* StorageManager.swift in Sources */ = {isa = PBXBuildFile; fileRef = 743F4E63232F4317009BA6BA /* StorageManager.swift */; };
		743F4E66232F923D009BA6BA /* InviteViewModel.swift in Sources */ = {isa = PBXBuildFile; fileRef = 743F4E65232F923D009BA6BA /* InviteViewModel.swift */; };
		744BBFA823162B1900434D7A /* UIColor+Extension.swift in Sources */ = {isa = PBXBuildFile; fileRef = 744BBFA723162B1900434D7A /* UIColor+Extension.swift */; };
		7451C4592326EA6D00EA0AEB /* ModallyMeauViewController.swift in Sources */ = {isa = PBXBuildFile; fileRef = 7451C4582326EA6D00EA0AEB /* ModallyMeauViewController.swift */; };
		7451C46023271AB200EA0AEB /* AddNotebookTableViewCell.swift in Sources */ = {isa = PBXBuildFile; fileRef = 7451C45E23271AB200EA0AEB /* AddNotebookTableViewCell.swift */; };
		7451C46123271AB200EA0AEB /* AddNotebookTableViewCell.xib in Resources */ = {isa = PBXBuildFile; fileRef = 7451C45F23271AB200EA0AEB /* AddNotebookTableViewCell.xib */; };
		7451C46323272B4800EA0AEB /* InviteViewController.swift in Sources */ = {isa = PBXBuildFile; fileRef = 7451C46223272B4800EA0AEB /* InviteViewController.swift */; };
		74525B0C231C9B2500670D6E /* UICollectionView+Extension.swift in Sources */ = {isa = PBXBuildFile; fileRef = 74525B0B231C9B2500670D6E /* UICollectionView+Extension.swift */; };
		7455837523265D2E008C1690 /* SplitTextFieldTableViewCell.swift in Sources */ = {isa = PBXBuildFile; fileRef = 7455837323265D2E008C1690 /* SplitTextFieldTableViewCell.swift */; };
		7455837623265D2E008C1690 /* SplitTextFieldTableViewCell.xib in Resources */ = {isa = PBXBuildFile; fileRef = 7455837423265D2E008C1690 /* SplitTextFieldTableViewCell.xib */; };
		745CACC2231672810055A60C /* UITableView+Extension.swift in Sources */ = {isa = PBXBuildFile; fileRef = 745CACC1231672810055A60C /* UITableView+Extension.swift */; };
		745CACC423169E530055A60C /* ExpenseViewModel.swift in Sources */ = {isa = PBXBuildFile; fileRef = 745CACC323169E530055A60C /* ExpenseViewModel.swift */; };
		745CACC823169FD30055A60C /* HomeExpenseCellViewModel.swift in Sources */ = {isa = PBXBuildFile; fileRef = 745CACC723169FD30055A60C /* HomeExpenseCellViewModel.swift */; };
		745CACCA231784DF0055A60C /* String+Extension.swift in Sources */ = {isa = PBXBuildFile; fileRef = 745CACC9231784DF0055A60C /* String+Extension.swift */; };
		745CACD72317C6950055A60C /* ResultViewModel.swift in Sources */ = {isa = PBXBuildFile; fileRef = 745CACD62317C6950055A60C /* ResultViewModel.swift */; };
		745CACDE2317C9D60055A60C /* NotebookViewModel.swift in Sources */ = {isa = PBXBuildFile; fileRef = 745CACDD2317C9D60055A60C /* NotebookViewModel.swift */; };
		745CC983232106C200426D1A /* ActivityTableViewCell.swift in Sources */ = {isa = PBXBuildFile; fileRef = 745CC981232106C200426D1A /* ActivityTableViewCell.swift */; };
		745CC984232106C200426D1A /* ActivityTableViewCell.xib in Resources */ = {isa = PBXBuildFile; fileRef = 745CC982232106C200426D1A /* ActivityTableViewCell.xib */; };
		745CC9862321164E00426D1A /* Direction.swift in Sources */ = {isa = PBXBuildFile; fileRef = 745CC9852321164E00426D1A /* Direction.swift */; };
		745CC989232146F700426D1A /* MemberTableViewCell.swift in Sources */ = {isa = PBXBuildFile; fileRef = 745CC987232146F700426D1A /* MemberTableViewCell.swift */; };
		745CC98A232146F700426D1A /* MemberTableViewCell.xib in Resources */ = {isa = PBXBuildFile; fileRef = 745CC988232146F700426D1A /* MemberTableViewCell.xib */; };
		745CC98E232249CE00426D1A /* NavigationController.swift in Sources */ = {isa = PBXBuildFile; fileRef = 745CC98B232249CD00426D1A /* NavigationController.swift */; };
		745CC98F232249CE00426D1A /* CustomTransitionAnimation.swift in Sources */ = {isa = PBXBuildFile; fileRef = 745CC98C232249CD00426D1A /* CustomTransitionAnimation.swift */; };
		745CC990232249CE00426D1A /* Animatable.swift in Sources */ = {isa = PBXBuildFile; fileRef = 745CC98D232249CE00426D1A /* Animatable.swift */; };
		745CC9942322863500426D1A /* UIView+Extension.swift in Sources */ = {isa = PBXBuildFile; fileRef = 745CC9932322863500426D1A /* UIView+Extension.swift */; };
		74641F3B232096B00059B265 /* SplitTableViewCell.swift in Sources */ = {isa = PBXBuildFile; fileRef = 74641F39232096B00059B265 /* SplitTableViewCell.swift */; };
		74641F3C232096B00059B265 /* SplitTableViewCell.xib in Resources */ = {isa = PBXBuildFile; fileRef = 74641F3A232096B00059B265 /* SplitTableViewCell.xib */; };
		74641F432320FB3A0059B265 /* NotebookTableViewCell.swift in Sources */ = {isa = PBXBuildFile; fileRef = 74641F412320FB3A0059B265 /* NotebookTableViewCell.swift */; };
		74641F442320FB3A0059B265 /* NotebookTableViewCell.xib in Resources */ = {isa = PBXBuildFile; fileRef = 74641F422320FB3A0059B265 /* NotebookTableViewCell.xib */; };
		747AB9052324D38C00007A32 /* Login.storyboard in Resources */ = {isa = PBXBuildFile; fileRef = 747AB9042324D38C00007A32 /* Login.storyboard */; };
		747AB9072324DFED00007A32 /* LoginViewController.swift in Sources */ = {isa = PBXBuildFile; fileRef = 747AB9062324DFED00007A32 /* LoginViewController.swift */; };
		747AB9092324EC7500007A32 /* UITexField+Extension.swift in Sources */ = {isa = PBXBuildFile; fileRef = 747AB9082324EC7500007A32 /* UITexField+Extension.swift */; };
		747AB90B2324F38A00007A32 /* SignUpViewController.swift in Sources */ = {isa = PBXBuildFile; fileRef = 747AB90A2324F38A00007A32 /* SignUpViewController.swift */; };
		747AE9A7232E3C50007D855B /* Kingfisher.swift in Sources */ = {isa = PBXBuildFile; fileRef = 747AE9A6232E3C50007D855B /* Kingfisher.swift */; };
		747B6EDC2334CE76000FE48B /* HomeViewModel.swift in Sources */ = {isa = PBXBuildFile; fileRef = 747B6EDB2334CE76000FE48B /* HomeViewModel.swift */; };
		748A84F62319216B00EE00A0 /* Expense.storyboard in Resources */ = {isa = PBXBuildFile; fileRef = 748A84F52319216B00EE00A0 /* Expense.storyboard */; };
		748A84F82319244000EE00A0 /* UIStoryboard+Extension.swift in Sources */ = {isa = PBXBuildFile; fileRef = 748A84F72319244000EE00A0 /* UIStoryboard+Extension.swift */; };
		749573972337D442003997BD /* ActivityViewModel.swift in Sources */ = {isa = PBXBuildFile; fileRef = 749573962337D442003997BD /* ActivityViewModel.swift */; };
		74960EA323150834006BF12C /* AppDelegate.swift in Sources */ = {isa = PBXBuildFile; fileRef = 74960EA223150834006BF12C /* AppDelegate.swift */; };
		74960EA823150834006BF12C /* Home.storyboard in Resources */ = {isa = PBXBuildFile; fileRef = 74960EA623150834006BF12C /* Home.storyboard */; };
		74960EAA23150838006BF12C /* Assets.xcassets in Resources */ = {isa = PBXBuildFile; fileRef = 74960EA923150838006BF12C /* Assets.xcassets */; };
		74960EAD23150838006BF12C /* LaunchScreen.storyboard in Resources */ = {isa = PBXBuildFile; fileRef = 74960EAB23150838006BF12C /* LaunchScreen.storyboard */; };
		74975EB42327764A008FC7B0 /* GoogleService-Info.plist in Resources */ = {isa = PBXBuildFile; fileRef = 74975EB32327764A008FC7B0 /* GoogleService-Info.plist */; };
		74975EB623277A61008FC7B0 /* AuthManager.swift in Sources */ = {isa = PBXBuildFile; fileRef = 74975EB523277A61008FC7B0 /* AuthManager.swift */; };
		74A1A0D9232B6728007C717A /* ExpenseViewController.swift in Sources */ = {isa = PBXBuildFile; fileRef = 74A1A0D8232B6728007C717A /* ExpenseViewController.swift */; };
		74A1A0DB232B6EFF007C717A /* StatisticsViewController.swift in Sources */ = {isa = PBXBuildFile; fileRef = 74A1A0DA232B6EFF007C717A /* StatisticsViewController.swift */; };
		74A1A0DD232B8535007C717A /* ResultViewController.swift in Sources */ = {isa = PBXBuildFile; fileRef = 74A1A0DC232B8535007C717A /* ResultViewController.swift */; };
		74A1A0DF232B8675007C717A /* NotebookTableViewController.swift in Sources */ = {isa = PBXBuildFile; fileRef = 74A1A0DE232B8675007C717A /* NotebookTableViewController.swift */; };
		74A1A0E1232B8F6E007C717A /* FirestoreManager.swift in Sources */ = {isa = PBXBuildFile; fileRef = 74A1A0E0232B8F6E007C717A /* FirestoreManager.swift */; };
		74A1A0E3232CD5F8007C717A /* UserInfoManager.swift in Sources */ = {isa = PBXBuildFile; fileRef = 74A1A0E2232CD5F8007C717A /* UserInfoManager.swift */; };
		74A1A0E5232D8C76007C717A /* Date+Extension.swift in Sources */ = {isa = PBXBuildFile; fileRef = 74A1A0E4232D8C76007C717A /* Date+Extension.swift */; };
		74A1A0E7232D93C6007C717A /* ExpenseType.swift in Sources */ = {isa = PBXBuildFile; fileRef = 74A1A0E6232D93C6007C717A /* ExpenseType.swift */; };
		74AEC8F9231FAFF0003A6F01 /* SelectionTableViewCell.swift in Sources */ = {isa = PBXBuildFile; fileRef = 74AEC8F7231FAFF0003A6F01 /* SelectionTableViewCell.swift */; };
		74AEC8FA231FAFF0003A6F01 /* SelectionTableViewCell.xib in Resources */ = {isa = PBXBuildFile; fileRef = 74AEC8F8231FAFF0003A6F01 /* SelectionTableViewCell.xib */; };
		74AEC8FD231FC5E9003A6F01 /* TextFieldTableViewCell.swift in Sources */ = {isa = PBXBuildFile; fileRef = 74AEC8FB231FC5E8003A6F01 /* TextFieldTableViewCell.swift */; };
		74AEC8FE231FC5E9003A6F01 /* TextFieldTableViewCell.xib in Resources */ = {isa = PBXBuildFile; fileRef = 74AEC8FC231FC5E8003A6F01 /* TextFieldTableViewCell.xib */; };
		74AEC9012320837C003A6F01 /* CheckBoxTableViewCell.swift in Sources */ = {isa = PBXBuildFile; fileRef = 74AEC8FF2320837C003A6F01 /* CheckBoxTableViewCell.swift */; };
		74AEC9022320837C003A6F01 /* CheckBoxTableViewCell.xib in Resources */ = {isa = PBXBuildFile; fileRef = 74AEC9002320837C003A6F01 /* CheckBoxTableViewCell.xib */; };
		74B5C4C7231DE46B00EB916D /* NewGroupCollectionViewCell.swift in Sources */ = {isa = PBXBuildFile; fileRef = 74B5C4C5231DE46B00EB916D /* NewGroupCollectionViewCell.swift */; };
		74B5C4C8231DE46B00EB916D /* GroupCollectionViewCell.swift in Sources */ = {isa = PBXBuildFile; fileRef = 74B5C4C6231DE46B00EB916D /* GroupCollectionViewCell.swift */; };
		74B5C4CD231DE47B00EB916D /* AddExpenseViewController.swift in Sources */ = {isa = PBXBuildFile; fileRef = 74B5C4C9231DE47B00EB916D /* AddExpenseViewController.swift */; };
		74B5C4CE231DE47B00EB916D /* GroupListViewController.swift in Sources */ = {isa = PBXBuildFile; fileRef = 74B5C4CA231DE47B00EB916D /* GroupListViewController.swift */; };
		74B5C4CF231DE47B00EB916D /* HomeViewController.swift in Sources */ = {isa = PBXBuildFile; fileRef = 74B5C4CB231DE47B00EB916D /* HomeViewController.swift */; };
		74B5C4D0231DE47B00EB916D /* ActivityViewController.swift in Sources */ = {isa = PBXBuildFile; fileRef = 74B5C4CC231DE47B00EB916D /* ActivityViewController.swift */; };
		74B5C4D9231DE48800EB916D /* ExpenseTableViewCell.xib in Resources */ = {isa = PBXBuildFile; fileRef = 74B5C4D1231DE48800EB916D /* ExpenseTableViewCell.xib */; };
		74B5C4DA231DE48800EB916D /* ExpenseTableViewCell.swift in Sources */ = {isa = PBXBuildFile; fileRef = 74B5C4D2231DE48800EB916D /* ExpenseTableViewCell.swift */; };
		74B5C4DB231DE48800EB916D /* ResultTableViewCell.xib in Resources */ = {isa = PBXBuildFile; fileRef = 74B5C4D3231DE48800EB916D /* ResultTableViewCell.xib */; };
		74B5C4DC231DE48800EB916D /* StatisticsTableViewCell.xib in Resources */ = {isa = PBXBuildFile; fileRef = 74B5C4D4231DE48800EB916D /* StatisticsTableViewCell.xib */; };
		74B5C4DD231DE48800EB916D /* ResultTableViewCell.swift in Sources */ = {isa = PBXBuildFile; fileRef = 74B5C4D5231DE48800EB916D /* ResultTableViewCell.swift */; };
		74B5C4DF231DE48800EB916D /* StatisticsTableViewCell.swift in Sources */ = {isa = PBXBuildFile; fileRef = 74B5C4D7231DE48800EB916D /* StatisticsTableViewCell.swift */; };
		74B5C4E4231DE48F00EB916D /* STTabBarController.swift in Sources */ = {isa = PBXBuildFile; fileRef = 74B5C4E1231DE48E00EB916D /* STTabBarController.swift */; };
		74B5C4E6231DE48F00EB916D /* ScrollSelectionView.swift in Sources */ = {isa = PBXBuildFile; fileRef = 74B5C4E3231DE48F00EB916D /* ScrollSelectionView.swift */; };
		74B5C4E8231DED8400EB916D /* Activity.storyboard in Resources */ = {isa = PBXBuildFile; fileRef = 74B5C4E7231DED8400EB916D /* Activity.storyboard */; };
		74B5C4EC231E044800EB916D /* STBaseViewController.swift in Sources */ = {isa = PBXBuildFile; fileRef = 74B5C4EB231E044800EB916D /* STBaseViewController.swift */; };
		74B5C4EF231E5CB600EB916D /* CategoryCollectionViewCell.swift in Sources */ = {isa = PBXBuildFile; fileRef = 74B5C4EE231E5CB600EB916D /* CategoryCollectionViewCell.swift */; };
		74B5C4F1231E7BB400EB916D /* STNavigationController.swift in Sources */ = {isa = PBXBuildFile; fileRef = 74B5C4F0231E7BB400EB916D /* STNavigationController.swift */; };
		74B5C4F5231E7E1800EB916D /* TabView.swift in Sources */ = {isa = PBXBuildFile; fileRef = 74B5C4F4231E7E1800EB916D /* TabView.swift */; };
		74B9AE0C233877D40029A8BE /* Group.storyboard in Resources */ = {isa = PBXBuildFile; fileRef = 74B9AE0B233877D40029A8BE /* Group.storyboard */; };
		74B9AE0F2338BA1F0029A8BE /* SearchViewModel.swift in Sources */ = {isa = PBXBuildFile; fileRef = 74B9AE0E2338BA1F0029A8BE /* SearchViewModel.swift */; };
		74BA2AE12325D58A0010799E /* CalculatorViewController.swift in Sources */ = {isa = PBXBuildFile; fileRef = 74BA2AE02325D58A0010799E /* CalculatorViewController.swift */; };
		74BA2AE32326517E0010799E /* SelectionView.swift in Sources */ = {isa = PBXBuildFile; fileRef = 74BA2AE22326517E0010799E /* SelectionView.swift */; };
		74D0051C23320E4B0079D68E /* GroupViewController.swift in Sources */ = {isa = PBXBuildFile; fileRef = 74D0051B23320E4B0079D68E /* GroupViewController.swift */; };
		74D00522233246C50079D68E /* AmountTypeController.swift in Sources */ = {isa = PBXBuildFile; fileRef = 74D00521233246C50079D68E /* AmountTypeController.swift */; };
		74D005252332490E0079D68E /* ExpenseController.swift in Sources */ = {isa = PBXBuildFile; fileRef = 74D005242332490E0079D68E /* ExpenseController.swift */; };
		74D0052723324AC30079D68E /* PayerController.swift in Sources */ = {isa = PBXBuildFile; fileRef = 74D0052623324AC30079D68E /* PayerController.swift */; };
		74D0052923324B2D0079D68E /* SplitController.swift in Sources */ = {isa = PBXBuildFile; fileRef = 74D0052823324B2D0079D68E /* SplitController.swift */; };
		74D0052B23324B5F0079D68E /* PayDateController.swift in Sources */ = {isa = PBXBuildFile; fileRef = 74D0052A23324B5F0079D68E /* PayDateController.swift */; };
		74D611D0231CEF7600A301E9 /* Main.storyboard in Resources */ = {isa = PBXBuildFile; fileRef = 74D611CF231CEF7600A301E9 /* Main.storyboard */; };
		74D611D3231D008D00A301E9 /* SwiftIconFont.swift in Sources */ = {isa = PBXBuildFile; fileRef = 74D611D2231D008D00A301E9 /* SwiftIconFont.swift */; };
		74F92B952338CF7000FD7DE2 /* JGProgressHUDWrapper.swift in Sources */ = {isa = PBXBuildFile; fileRef = 74F92B942338CF6F00FD7DE2 /* JGProgressHUDWrapper.swift */; };
		74F92B9923396C3F00FD7DE2 /* EmptyInfoView.swift in Sources */ = {isa = PBXBuildFile; fileRef = 74F92B9823396C3F00FD7DE2 /* EmptyInfoView.swift */; };
		EDC6CC7D8B7BE0C2AC75B3D9 /* Pods_ShareTogether.framework in Frameworks */ = {isa = PBXBuildFile; fileRef = E0E018E2029FD73E0459A7E1 /* Pods_ShareTogether.framework */; };
/* End PBXBuildFile section */

/* Begin PBXFileReference section */
		35E2FFF816BE8EA55FE2021B /* Pods-ShareTogether.debug.xcconfig */ = {isa = PBXFileReference; includeInIndex = 1; lastKnownFileType = text.xcconfig; name = "Pods-ShareTogether.debug.xcconfig"; path = "Target Support Files/Pods-ShareTogether/Pods-ShareTogether.debug.xcconfig"; sourceTree = "<group>"; };
		6EE45046B2151DE911C1D99A /* Pods-ShareTogether.release.xcconfig */ = {isa = PBXFileReference; includeInIndex = 1; lastKnownFileType = text.xcconfig; name = "Pods-ShareTogether.release.xcconfig"; path = "Target Support Files/Pods-ShareTogether/Pods-ShareTogether.release.xcconfig"; sourceTree = "<group>"; };
		741E2B95232E361700350F42 /* GroupListViewModel.swift */ = {isa = PBXFileReference; lastKnownFileType = sourcecode.swift; name = GroupListViewModel.swift; path = ../Model/GroupListViewModel.swift; sourceTree = "<group>"; };
		742468BD2338422D00528202 /* Search.storyboard */ = {isa = PBXFileReference; fileEncoding = 4; lastKnownFileType = file.storyboard; path = Search.storyboard; sourceTree = "<group>"; };
		742468C02338425800528202 /* SearchViewController.swift */ = {isa = PBXFileReference; fileEncoding = 4; lastKnownFileType = sourcecode.swift; path = SearchViewController.swift; sourceTree = "<group>"; };
		742E5F4D23304E8E001EDF54 /* AddGroupViewModel.swift */ = {isa = PBXFileReference; lastKnownFileType = sourcecode.swift; path = AddGroupViewModel.swift; sourceTree = "<group>"; };
		742E5F4F23306373001EDF54 /* MemberStatusType.swift */ = {isa = PBXFileReference; lastKnownFileType = sourcecode.swift; path = MemberStatusType.swift; sourceTree = "<group>"; };
		742E5F512331A6EA001EDF54 /* AlertManager.swift */ = {isa = PBXFileReference; lastKnownFileType = sourcecode.swift; name = AlertManager.swift; path = ../Extension/AlertManager.swift; sourceTree = "<group>"; };
		742E5F542331B5D5001EDF54 /* ExpenseHeaderFooterView.swift */ = {isa = PBXFileReference; lastKnownFileType = sourcecode.swift; path = ExpenseHeaderFooterView.swift; sourceTree = "<group>"; };
		743F4E61232F3FA3009BA6BA /* Menu.storyboard */ = {isa = PBXFileReference; lastKnownFileType = file.storyboard; path = Menu.storyboard; sourceTree = "<group>"; };
		743F4E63232F4317009BA6BA /* StorageManager.swift */ = {isa = PBXFileReference; lastKnownFileType = sourcecode.swift; path = StorageManager.swift; sourceTree = "<group>"; };
		743F4E65232F923D009BA6BA /* InviteViewModel.swift */ = {isa = PBXFileReference; lastKnownFileType = sourcecode.swift; path = InviteViewModel.swift; sourceTree = "<group>"; };
		744BBFA723162B1900434D7A /* UIColor+Extension.swift */ = {isa = PBXFileReference; lastKnownFileType = sourcecode.swift; path = "UIColor+Extension.swift"; sourceTree = "<group>"; };
		7451C4582326EA6D00EA0AEB /* ModallyMeauViewController.swift */ = {isa = PBXFileReference; lastKnownFileType = sourcecode.swift; path = ModallyMeauViewController.swift; sourceTree = "<group>"; };
		7451C45E23271AB200EA0AEB /* AddNotebookTableViewCell.swift */ = {isa = PBXFileReference; lastKnownFileType = sourcecode.swift; path = AddNotebookTableViewCell.swift; sourceTree = "<group>"; };
		7451C45F23271AB200EA0AEB /* AddNotebookTableViewCell.xib */ = {isa = PBXFileReference; lastKnownFileType = file.xib; path = AddNotebookTableViewCell.xib; sourceTree = "<group>"; };
		7451C46223272B4800EA0AEB /* InviteViewController.swift */ = {isa = PBXFileReference; lastKnownFileType = sourcecode.swift; path = InviteViewController.swift; sourceTree = "<group>"; };
		74525B0B231C9B2500670D6E /* UICollectionView+Extension.swift */ = {isa = PBXFileReference; lastKnownFileType = sourcecode.swift; path = "UICollectionView+Extension.swift"; sourceTree = "<group>"; };
		7455837323265D2E008C1690 /* SplitTextFieldTableViewCell.swift */ = {isa = PBXFileReference; lastKnownFileType = sourcecode.swift; path = SplitTextFieldTableViewCell.swift; sourceTree = "<group>"; };
		7455837423265D2E008C1690 /* SplitTextFieldTableViewCell.xib */ = {isa = PBXFileReference; lastKnownFileType = file.xib; path = SplitTextFieldTableViewCell.xib; sourceTree = "<group>"; };
		745CACC1231672810055A60C /* UITableView+Extension.swift */ = {isa = PBXFileReference; lastKnownFileType = sourcecode.swift; path = "UITableView+Extension.swift"; sourceTree = "<group>"; };
		745CACC323169E530055A60C /* ExpenseViewModel.swift */ = {isa = PBXFileReference; lastKnownFileType = sourcecode.swift; path = ExpenseViewModel.swift; sourceTree = "<group>"; };
		745CACC723169FD30055A60C /* HomeExpenseCellViewModel.swift */ = {isa = PBXFileReference; lastKnownFileType = sourcecode.swift; path = HomeExpenseCellViewModel.swift; sourceTree = "<group>"; };
		745CACC9231784DF0055A60C /* String+Extension.swift */ = {isa = PBXFileReference; lastKnownFileType = sourcecode.swift; path = "String+Extension.swift"; sourceTree = "<group>"; };
		745CACD62317C6950055A60C /* ResultViewModel.swift */ = {isa = PBXFileReference; lastKnownFileType = sourcecode.swift; path = ResultViewModel.swift; sourceTree = "<group>"; };
		745CACDD2317C9D60055A60C /* NotebookViewModel.swift */ = {isa = PBXFileReference; lastKnownFileType = sourcecode.swift; path = NotebookViewModel.swift; sourceTree = "<group>"; };
		745CC981232106C200426D1A /* ActivityTableViewCell.swift */ = {isa = PBXFileReference; fileEncoding = 4; lastKnownFileType = sourcecode.swift; path = ActivityTableViewCell.swift; sourceTree = "<group>"; };
		745CC982232106C200426D1A /* ActivityTableViewCell.xib */ = {isa = PBXFileReference; fileEncoding = 4; lastKnownFileType = file.xib; path = ActivityTableViewCell.xib; sourceTree = "<group>"; };
		745CC9852321164E00426D1A /* Direction.swift */ = {isa = PBXFileReference; lastKnownFileType = sourcecode.swift; path = Direction.swift; sourceTree = "<group>"; };
		745CC987232146F700426D1A /* MemberTableViewCell.swift */ = {isa = PBXFileReference; lastKnownFileType = sourcecode.swift; path = MemberTableViewCell.swift; sourceTree = "<group>"; };
		745CC988232146F700426D1A /* MemberTableViewCell.xib */ = {isa = PBXFileReference; lastKnownFileType = file.xib; path = MemberTableViewCell.xib; sourceTree = "<group>"; };
		745CC98B232249CD00426D1A /* NavigationController.swift */ = {isa = PBXFileReference; fileEncoding = 4; lastKnownFileType = sourcecode.swift; path = NavigationController.swift; sourceTree = "<group>"; };
		745CC98C232249CD00426D1A /* CustomTransitionAnimation.swift */ = {isa = PBXFileReference; fileEncoding = 4; lastKnownFileType = sourcecode.swift; path = CustomTransitionAnimation.swift; sourceTree = "<group>"; };
		745CC98D232249CE00426D1A /* Animatable.swift */ = {isa = PBXFileReference; fileEncoding = 4; lastKnownFileType = sourcecode.swift; path = Animatable.swift; sourceTree = "<group>"; };
		745CC9932322863500426D1A /* UIView+Extension.swift */ = {isa = PBXFileReference; lastKnownFileType = sourcecode.swift; path = "UIView+Extension.swift"; sourceTree = "<group>"; };
		74641F39232096B00059B265 /* SplitTableViewCell.swift */ = {isa = PBXFileReference; lastKnownFileType = sourcecode.swift; path = SplitTableViewCell.swift; sourceTree = "<group>"; };
		74641F3A232096B00059B265 /* SplitTableViewCell.xib */ = {isa = PBXFileReference; lastKnownFileType = file.xib; path = SplitTableViewCell.xib; sourceTree = "<group>"; };
		74641F412320FB3A0059B265 /* NotebookTableViewCell.swift */ = {isa = PBXFileReference; lastKnownFileType = sourcecode.swift; path = NotebookTableViewCell.swift; sourceTree = "<group>"; };
		74641F422320FB3A0059B265 /* NotebookTableViewCell.xib */ = {isa = PBXFileReference; lastKnownFileType = file.xib; path = NotebookTableViewCell.xib; sourceTree = "<group>"; };
		747AB9042324D38C00007A32 /* Login.storyboard */ = {isa = PBXFileReference; lastKnownFileType = file.storyboard; path = Login.storyboard; sourceTree = "<group>"; };
		747AB9062324DFED00007A32 /* LoginViewController.swift */ = {isa = PBXFileReference; lastKnownFileType = sourcecode.swift; path = LoginViewController.swift; sourceTree = "<group>"; };
		747AB9082324EC7500007A32 /* UITexField+Extension.swift */ = {isa = PBXFileReference; lastKnownFileType = sourcecode.swift; path = "UITexField+Extension.swift"; sourceTree = "<group>"; };
		747AB90A2324F38A00007A32 /* SignUpViewController.swift */ = {isa = PBXFileReference; lastKnownFileType = sourcecode.swift; path = SignUpViewController.swift; sourceTree = "<group>"; };
		747AE9A6232E3C50007D855B /* Kingfisher.swift */ = {isa = PBXFileReference; lastKnownFileType = sourcecode.swift; path = Kingfisher.swift; sourceTree = "<group>"; };
		747B6EDB2334CE76000FE48B /* HomeViewModel.swift */ = {isa = PBXFileReference; lastKnownFileType = sourcecode.swift; path = HomeViewModel.swift; sourceTree = "<group>"; };
		748A84F52319216B00EE00A0 /* Expense.storyboard */ = {isa = PBXFileReference; lastKnownFileType = file.storyboard; path = Expense.storyboard; sourceTree = "<group>"; };
		748A84F72319244000EE00A0 /* UIStoryboard+Extension.swift */ = {isa = PBXFileReference; lastKnownFileType = sourcecode.swift; path = "UIStoryboard+Extension.swift"; sourceTree = "<group>"; };
		749573962337D442003997BD /* ActivityViewModel.swift */ = {isa = PBXFileReference; lastKnownFileType = sourcecode.swift; path = ActivityViewModel.swift; sourceTree = "<group>"; };
		74960E9F23150834006BF12C /* ShareTogether.app */ = {isa = PBXFileReference; explicitFileType = wrapper.application; includeInIndex = 0; path = ShareTogether.app; sourceTree = BUILT_PRODUCTS_DIR; };
		74960EA223150834006BF12C /* AppDelegate.swift */ = {isa = PBXFileReference; lastKnownFileType = sourcecode.swift; path = AppDelegate.swift; sourceTree = "<group>"; };
		74960EA723150834006BF12C /* Base */ = {isa = PBXFileReference; lastKnownFileType = file.storyboard; name = Base; path = Base.lproj/Home.storyboard; sourceTree = "<group>"; };
		74960EA923150838006BF12C /* Assets.xcassets */ = {isa = PBXFileReference; lastKnownFileType = folder.assetcatalog; path = Assets.xcassets; sourceTree = "<group>"; };
		74960EAC23150838006BF12C /* Base */ = {isa = PBXFileReference; lastKnownFileType = file.storyboard; name = Base; path = Base.lproj/LaunchScreen.storyboard; sourceTree = "<group>"; };
		74960EAE23150838006BF12C /* Info.plist */ = {isa = PBXFileReference; lastKnownFileType = text.plist.xml; path = Info.plist; sourceTree = "<group>"; };
		74975EB32327764A008FC7B0 /* GoogleService-Info.plist */ = {isa = PBXFileReference; fileEncoding = 4; lastKnownFileType = text.plist.xml; path = "GoogleService-Info.plist"; sourceTree = "<group>"; };
		74975EB523277A61008FC7B0 /* AuthManager.swift */ = {isa = PBXFileReference; lastKnownFileType = sourcecode.swift; path = AuthManager.swift; sourceTree = "<group>"; };
		74A1A0D8232B6728007C717A /* ExpenseViewController.swift */ = {isa = PBXFileReference; lastKnownFileType = sourcecode.swift; path = ExpenseViewController.swift; sourceTree = "<group>"; };
		74A1A0DA232B6EFF007C717A /* StatisticsViewController.swift */ = {isa = PBXFileReference; lastKnownFileType = sourcecode.swift; path = StatisticsViewController.swift; sourceTree = "<group>"; };
		74A1A0DC232B8535007C717A /* ResultViewController.swift */ = {isa = PBXFileReference; lastKnownFileType = sourcecode.swift; path = ResultViewController.swift; sourceTree = "<group>"; };
		74A1A0DE232B8675007C717A /* NotebookTableViewController.swift */ = {isa = PBXFileReference; lastKnownFileType = sourcecode.swift; path = NotebookTableViewController.swift; sourceTree = "<group>"; };
		74A1A0E0232B8F6E007C717A /* FirestoreManager.swift */ = {isa = PBXFileReference; lastKnownFileType = sourcecode.swift; path = FirestoreManager.swift; sourceTree = "<group>"; };
		74A1A0E2232CD5F8007C717A /* UserInfoManager.swift */ = {isa = PBXFileReference; lastKnownFileType = sourcecode.swift; path = UserInfoManager.swift; sourceTree = "<group>"; };
		74A1A0E4232D8C76007C717A /* Date+Extension.swift */ = {isa = PBXFileReference; lastKnownFileType = sourcecode.swift; path = "Date+Extension.swift"; sourceTree = "<group>"; };
		74A1A0E6232D93C6007C717A /* ExpenseType.swift */ = {isa = PBXFileReference; lastKnownFileType = sourcecode.swift; path = ExpenseType.swift; sourceTree = "<group>"; };
		74AEC8F7231FAFF0003A6F01 /* SelectionTableViewCell.swift */ = {isa = PBXFileReference; lastKnownFileType = sourcecode.swift; path = SelectionTableViewCell.swift; sourceTree = "<group>"; };
		74AEC8F8231FAFF0003A6F01 /* SelectionTableViewCell.xib */ = {isa = PBXFileReference; lastKnownFileType = file.xib; path = SelectionTableViewCell.xib; sourceTree = "<group>"; };
		74AEC8FB231FC5E8003A6F01 /* TextFieldTableViewCell.swift */ = {isa = PBXFileReference; lastKnownFileType = sourcecode.swift; path = TextFieldTableViewCell.swift; sourceTree = "<group>"; };
		74AEC8FC231FC5E8003A6F01 /* TextFieldTableViewCell.xib */ = {isa = PBXFileReference; lastKnownFileType = file.xib; path = TextFieldTableViewCell.xib; sourceTree = "<group>"; };
		74AEC8FF2320837C003A6F01 /* CheckBoxTableViewCell.swift */ = {isa = PBXFileReference; lastKnownFileType = sourcecode.swift; path = CheckBoxTableViewCell.swift; sourceTree = "<group>"; };
		74AEC9002320837C003A6F01 /* CheckBoxTableViewCell.xib */ = {isa = PBXFileReference; lastKnownFileType = file.xib; path = CheckBoxTableViewCell.xib; sourceTree = "<group>"; };
		74B5C4C5231DE46B00EB916D /* NewGroupCollectionViewCell.swift */ = {isa = PBXFileReference; fileEncoding = 4; lastKnownFileType = sourcecode.swift; path = NewGroupCollectionViewCell.swift; sourceTree = "<group>"; };
		74B5C4C6231DE46B00EB916D /* GroupCollectionViewCell.swift */ = {isa = PBXFileReference; fileEncoding = 4; lastKnownFileType = sourcecode.swift; path = GroupCollectionViewCell.swift; sourceTree = "<group>"; };
		74B5C4C9231DE47B00EB916D /* AddExpenseViewController.swift */ = {isa = PBXFileReference; fileEncoding = 4; lastKnownFileType = sourcecode.swift; path = AddExpenseViewController.swift; sourceTree = "<group>"; };
		74B5C4CA231DE47B00EB916D /* GroupListViewController.swift */ = {isa = PBXFileReference; fileEncoding = 4; lastKnownFileType = sourcecode.swift; path = GroupListViewController.swift; sourceTree = "<group>"; };
		74B5C4CB231DE47B00EB916D /* HomeViewController.swift */ = {isa = PBXFileReference; fileEncoding = 4; lastKnownFileType = sourcecode.swift; path = HomeViewController.swift; sourceTree = "<group>"; };
		74B5C4CC231DE47B00EB916D /* ActivityViewController.swift */ = {isa = PBXFileReference; fileEncoding = 4; lastKnownFileType = sourcecode.swift; path = ActivityViewController.swift; sourceTree = "<group>"; };
		74B5C4D1231DE48800EB916D /* ExpenseTableViewCell.xib */ = {isa = PBXFileReference; fileEncoding = 4; lastKnownFileType = file.xib; path = ExpenseTableViewCell.xib; sourceTree = "<group>"; };
		74B5C4D2231DE48800EB916D /* ExpenseTableViewCell.swift */ = {isa = PBXFileReference; fileEncoding = 4; lastKnownFileType = sourcecode.swift; path = ExpenseTableViewCell.swift; sourceTree = "<group>"; };
		74B5C4D3231DE48800EB916D /* ResultTableViewCell.xib */ = {isa = PBXFileReference; fileEncoding = 4; lastKnownFileType = file.xib; path = ResultTableViewCell.xib; sourceTree = "<group>"; };
		74B5C4D4231DE48800EB916D /* StatisticsTableViewCell.xib */ = {isa = PBXFileReference; fileEncoding = 4; lastKnownFileType = file.xib; path = StatisticsTableViewCell.xib; sourceTree = "<group>"; };
		74B5C4D5231DE48800EB916D /* ResultTableViewCell.swift */ = {isa = PBXFileReference; fileEncoding = 4; lastKnownFileType = sourcecode.swift; path = ResultTableViewCell.swift; sourceTree = "<group>"; };
		74B5C4D7231DE48800EB916D /* StatisticsTableViewCell.swift */ = {isa = PBXFileReference; fileEncoding = 4; lastKnownFileType = sourcecode.swift; path = StatisticsTableViewCell.swift; sourceTree = "<group>"; };
		74B5C4E1231DE48E00EB916D /* STTabBarController.swift */ = {isa = PBXFileReference; fileEncoding = 4; lastKnownFileType = sourcecode.swift; path = STTabBarController.swift; sourceTree = "<group>"; };
		74B5C4E3231DE48F00EB916D /* ScrollSelectionView.swift */ = {isa = PBXFileReference; fileEncoding = 4; lastKnownFileType = sourcecode.swift; path = ScrollSelectionView.swift; sourceTree = "<group>"; };
		74B5C4E7231DED8400EB916D /* Activity.storyboard */ = {isa = PBXFileReference; lastKnownFileType = file.storyboard; path = Activity.storyboard; sourceTree = "<group>"; };
		74B5C4EB231E044800EB916D /* STBaseViewController.swift */ = {isa = PBXFileReference; lastKnownFileType = sourcecode.swift; path = STBaseViewController.swift; sourceTree = "<group>"; };
		74B5C4EE231E5CB600EB916D /* CategoryCollectionViewCell.swift */ = {isa = PBXFileReference; lastKnownFileType = sourcecode.swift; path = CategoryCollectionViewCell.swift; sourceTree = "<group>"; };
		74B5C4F0231E7BB400EB916D /* STNavigationController.swift */ = {isa = PBXFileReference; lastKnownFileType = sourcecode.swift; path = STNavigationController.swift; sourceTree = "<group>"; };
		74B5C4F4231E7E1800EB916D /* TabView.swift */ = {isa = PBXFileReference; fileEncoding = 4; lastKnownFileType = sourcecode.swift; path = TabView.swift; sourceTree = "<group>"; };
		74B9AE0B233877D40029A8BE /* Group.storyboard */ = {isa = PBXFileReference; fileEncoding = 4; lastKnownFileType = file.storyboard; path = Group.storyboard; sourceTree = "<group>"; };
		74B9AE0D2338A6EC0029A8BE /* ShareTogether.entitlements */ = {isa = PBXFileReference; lastKnownFileType = text.plist.entitlements; path = ShareTogether.entitlements; sourceTree = "<group>"; };
		74B9AE0E2338BA1F0029A8BE /* SearchViewModel.swift */ = {isa = PBXFileReference; lastKnownFileType = sourcecode.swift; path = SearchViewModel.swift; sourceTree = "<group>"; };
		74BA2AE02325D58A0010799E /* CalculatorViewController.swift */ = {isa = PBXFileReference; lastKnownFileType = sourcecode.swift; path = CalculatorViewController.swift; sourceTree = "<group>"; };
		74BA2AE22326517E0010799E /* SelectionView.swift */ = {isa = PBXFileReference; fileEncoding = 4; lastKnownFileType = sourcecode.swift; path = SelectionView.swift; sourceTree = "<group>"; };
		74D0051B23320E4B0079D68E /* GroupViewController.swift */ = {isa = PBXFileReference; fileEncoding = 4; lastKnownFileType = sourcecode.swift; path = GroupViewController.swift; sourceTree = "<group>"; };
		74D00521233246C50079D68E /* AmountTypeController.swift */ = {isa = PBXFileReference; lastKnownFileType = sourcecode.swift; path = AmountTypeController.swift; sourceTree = "<group>"; };
		74D005242332490E0079D68E /* ExpenseController.swift */ = {isa = PBXFileReference; lastKnownFileType = sourcecode.swift; path = ExpenseController.swift; sourceTree = "<group>"; };
		74D0052623324AC30079D68E /* PayerController.swift */ = {isa = PBXFileReference; lastKnownFileType = sourcecode.swift; path = PayerController.swift; sourceTree = "<group>"; };
		74D0052823324B2D0079D68E /* SplitController.swift */ = {isa = PBXFileReference; lastKnownFileType = sourcecode.swift; path = SplitController.swift; sourceTree = "<group>"; };
		74D0052A23324B5F0079D68E /* PayDateController.swift */ = {isa = PBXFileReference; lastKnownFileType = sourcecode.swift; path = PayDateController.swift; sourceTree = "<group>"; };
		74D611CF231CEF7600A301E9 /* Main.storyboard */ = {isa = PBXFileReference; lastKnownFileType = file.storyboard; path = Main.storyboard; sourceTree = "<group>"; };
		74D611D2231D008D00A301E9 /* SwiftIconFont.swift */ = {isa = PBXFileReference; lastKnownFileType = sourcecode.swift; path = SwiftIconFont.swift; sourceTree = "<group>"; };
		74F92B942338CF6F00FD7DE2 /* JGProgressHUDWrapper.swift */ = {isa = PBXFileReference; fileEncoding = 4; lastKnownFileType = sourcecode.swift; path = JGProgressHUDWrapper.swift; sourceTree = "<group>"; };
		74F92B9823396C3F00FD7DE2 /* EmptyInfoView.swift */ = {isa = PBXFileReference; lastKnownFileType = sourcecode.swift; path = EmptyInfoView.swift; sourceTree = "<group>"; };
		E0E018E2029FD73E0459A7E1 /* Pods_ShareTogether.framework */ = {isa = PBXFileReference; explicitFileType = wrapper.framework; includeInIndex = 0; path = Pods_ShareTogether.framework; sourceTree = BUILT_PRODUCTS_DIR; };
/* End PBXFileReference section */

/* Begin PBXFrameworksBuildPhase section */
		74960E9C23150834006BF12C /* Frameworks */ = {
			isa = PBXFrameworksBuildPhase;
			buildActionMask = 2147483647;
			files = (
				EDC6CC7D8B7BE0C2AC75B3D9 /* Pods_ShareTogether.framework in Frameworks */,
			);
			runOnlyForDeploymentPostprocessing = 0;
		};
/* End PBXFrameworksBuildPhase section */

/* Begin PBXGroup section */
		3430F2571EED6CEC83249224 /* Pods */ = {
			isa = PBXGroup;
			children = (
				35E2FFF816BE8EA55FE2021B /* Pods-ShareTogether.debug.xcconfig */,
				6EE45046B2151DE911C1D99A /* Pods-ShareTogether.release.xcconfig */,
			);
			path = Pods;
			sourceTree = "<group>";
		};
		742468BF2338424600528202 /* Search */ = {
			isa = PBXGroup;
			children = (
				742468C02338425800528202 /* SearchViewController.swift */,
			);
			path = Search;
			sourceTree = "<group>";
		};
		742E5F4C23302CF8001EDF54 /* Storyboard */ = {
			isa = PBXGroup;
			children = (
				74D611CF231CEF7600A301E9 /* Main.storyboard */,
				74B9AE0B233877D40029A8BE /* Group.storyboard */,
				74960EA623150834006BF12C /* Home.storyboard */,
				743F4E61232F3FA3009BA6BA /* Menu.storyboard */,
				748A84F52319216B00EE00A0 /* Expense.storyboard */,
				747AB9042324D38C00007A32 /* Login.storyboard */,
				742468BD2338422D00528202 /* Search.storyboard */,
				74B5C4E7231DED8400EB916D /* Activity.storyboard */,
				74960EAB23150838006BF12C /* LaunchScreen.storyboard */,
			);
			path = Storyboard;
			sourceTree = "<group>";
		};
		743F4E5E232F2FDB009BA6BA /* Home */ = {
			isa = PBXGroup;
			children = (
				747B6EDB2334CE76000FE48B /* HomeViewModel.swift */,
				745CACC323169E530055A60C /* ExpenseViewModel.swift */,
				745CACD62317C6950055A60C /* ResultViewModel.swift */,
				745CACDD2317C9D60055A60C /* NotebookViewModel.swift */,
			);
			path = Home;
			sourceTree = "<group>";
		};
		744BBF9E2315F73100434D7A /* View */ = {
			isa = PBXGroup;
			children = (
				74B5C4C3231DE3E200EB916D /* Home */,
				74B5C4ED231E5C8700EB916D /* Expense */,
				745CC9802321060200426D1A /* Activity */,
				74B5C4C4231DE3E800EB916D /* Group */,
				74B5C4C0231DE3A100EB916D /* Common */,
			);
			path = View;
			sourceTree = "<group>";
		};
		744BBFA623162ADB00434D7A /* Extension */ = {
			isa = PBXGroup;
			children = (
				744BBFA723162B1900434D7A /* UIColor+Extension.swift */,
				745CC9932322863500426D1A /* UIView+Extension.swift */,
				745CACC1231672810055A60C /* UITableView+Extension.swift */,
				747AB9082324EC7500007A32 /* UITexField+Extension.swift */,
				74525B0B231C9B2500670D6E /* UICollectionView+Extension.swift */,
				748A84F72319244000EE00A0 /* UIStoryboard+Extension.swift */,
				74A1A0E4232D8C76007C717A /* Date+Extension.swift */,
				745CACC9231784DF0055A60C /* String+Extension.swift */,
			);
			path = Extension;
			sourceTree = "<group>";
		};
		744C9C332328F9AD00661252 /* Login */ = {
			isa = PBXGroup;
			children = (
				747AB9062324DFED00007A32 /* LoginViewController.swift */,
				747AB90A2324F38A00007A32 /* SignUpViewController.swift */,
			);
			path = Login;
			sourceTree = "<group>";
		};
		745CACC523169FB80055A60C /* Model */ = {
			isa = PBXGroup;
			children = (
				74975EB523277A61008FC7B0 /* AuthManager.swift */,
				742E5F512331A6EA001EDF54 /* AlertManager.swift */,
				74A1A0E6232D93C6007C717A /* ExpenseType.swift */,
				74A1A0E0232B8F6E007C717A /* FirestoreManager.swift */,
				743F4E63232F4317009BA6BA /* StorageManager.swift */,
				74A1A0E2232CD5F8007C717A /* UserInfoManager.swift */,
				745CACC723169FD30055A60C /* HomeExpenseCellViewModel.swift */,
				742E5F4F23306373001EDF54 /* MemberStatusType.swift */,
				745CC9852321164E00426D1A /* Direction.swift */,
			);
			path = Model;
			sourceTree = "<group>";
		};
		745CC9802321060200426D1A /* Activity */ = {
			isa = PBXGroup;
			children = (
				745CC981232106C200426D1A /* ActivityTableViewCell.swift */,
				745CC982232106C200426D1A /* ActivityTableViewCell.xib */,
			);
			path = Activity;
			sourceTree = "<group>";
		};
		747B6EDD2335987E000FE48B /* Activity */ = {
			isa = PBXGroup;
			children = (
				74B5C4CC231DE47B00EB916D /* ActivityViewController.swift */,
			);
			path = Activity;
			sourceTree = "<group>";
		};
		7492067A2317DDAB0049357B /* ViewModel */ = {
			isa = PBXGroup;
			children = (
				74D00520233246A10079D68E /* AddExpense */,
				741E2B95232E361700350F42 /* GroupListViewModel.swift */,
				743F4E65232F923D009BA6BA /* InviteViewModel.swift */,
				742E5F4D23304E8E001EDF54 /* AddGroupViewModel.swift */,
				749573962337D442003997BD /* ActivityViewModel.swift */,
				74B9AE0E2338BA1F0029A8BE /* SearchViewModel.swift */,
				743F4E5E232F2FDB009BA6BA /* Home */,
			);
			path = ViewModel;
			sourceTree = "<group>";
		};
		74960E9623150834006BF12C = {
			isa = PBXGroup;
			children = (
				74960EA123150834006BF12C /* ShareTogether */,
				74960EA023150834006BF12C /* Products */,
				3430F2571EED6CEC83249224 /* Pods */,
				C85C2E27063BF58370E2CD36 /* Frameworks */,
			);
			sourceTree = "<group>";
		};
		74960EA023150834006BF12C /* Products */ = {
			isa = PBXGroup;
			children = (
				74960E9F23150834006BF12C /* ShareTogether.app */,
			);
			name = Products;
			sourceTree = "<group>";
		};
		74960EA123150834006BF12C /* ShareTogether */ = {
			isa = PBXGroup;
			children = (
				74B9AE0D2338A6EC0029A8BE /* ShareTogether.entitlements */,
				74975EB32327764A008FC7B0 /* GoogleService-Info.plist */,
				745CC98D232249CE00426D1A /* Animatable.swift */,
				745CC98C232249CD00426D1A /* CustomTransitionAnimation.swift */,
				745CC98B232249CD00426D1A /* NavigationController.swift */,
				74960EA223150834006BF12C /* AppDelegate.swift */,
				74D611D1231D006700A301E9 /* ThridPratyWrapper */,
				744BBFA623162ADB00434D7A /* Extension */,
				745CACC523169FB80055A60C /* Model */,
				7492067A2317DDAB0049357B /* ViewModel */,
				74B5C4BE231DE37700EB916D /* Controller */,
				744BBF9E2315F73100434D7A /* View */,
				742E5F4C23302CF8001EDF54 /* Storyboard */,
				74960EA923150838006BF12C /* Assets.xcassets */,
				74960EAE23150838006BF12C /* Info.plist */,
			);
			path = ShareTogether;
			sourceTree = "<group>";
		};
		74B5C4BE231DE37700EB916D /* Controller */ = {
			isa = PBXGroup;
			children = (
				74BAAEA22328FA8B008623FF /* Home */,
				742468BF2338424600528202 /* Search */,
				74D0051D2332378B0079D68E /* AddExpense */,
				747B6EDD2335987E000FE48B /* Activity */,
				74D0051F233237E30079D68E /* Group */,
				74D0051E233237C00079D68E /* Setting */,
				744C9C332328F9AD00661252 /* Login */,
			);
			path = Controller;
			sourceTree = "<group>";
		};
		74B5C4C0231DE3A100EB916D /* Common */ = {
			isa = PBXGroup;
			children = (
				74B5C4E1231DE48E00EB916D /* STTabBarController.swift */,
				74B5C4F0231E7BB400EB916D /* STNavigationController.swift */,
				74F92B9823396C3F00FD7DE2 /* EmptyInfoView.swift */,
				74B5C4EB231E044800EB916D /* STBaseViewController.swift */,
				74B5C4E3231DE48F00EB916D /* ScrollSelectionView.swift */,
				74BA2AE22326517E0010799E /* SelectionView.swift */,
				74B5C4F4231E7E1800EB916D /* TabView.swift */,
			);
			path = Common;
			sourceTree = "<group>";
		};
		74B5C4C3231DE3E200EB916D /* Home */ = {
			isa = PBXGroup;
			children = (
				74B5C4D2231DE48800EB916D /* ExpenseTableViewCell.swift */,
				742E5F542331B5D5001EDF54 /* ExpenseHeaderFooterView.swift */,
				74B5C4D1231DE48800EB916D /* ExpenseTableViewCell.xib */,
				74B5C4D7231DE48800EB916D /* StatisticsTableViewCell.swift */,
				74B5C4D4231DE48800EB916D /* StatisticsTableViewCell.xib */,
				74B5C4D5231DE48800EB916D /* ResultTableViewCell.swift */,
				74B5C4D3231DE48800EB916D /* ResultTableViewCell.xib */,
				7451C45E23271AB200EA0AEB /* AddNotebookTableViewCell.swift */,
				7451C45F23271AB200EA0AEB /* AddNotebookTableViewCell.xib */,
				74641F412320FB3A0059B265 /* NotebookTableViewCell.swift */,
				74641F422320FB3A0059B265 /* NotebookTableViewCell.xib */,
			);
			path = Home;
			sourceTree = "<group>";
		};
		74B5C4C4231DE3E800EB916D /* Group */ = {
			isa = PBXGroup;
			children = (
				745CC987232146F700426D1A /* MemberTableViewCell.swift */,
				745CC988232146F700426D1A /* MemberTableViewCell.xib */,
				74B5C4C6231DE46B00EB916D /* GroupCollectionViewCell.swift */,
				74B5C4C5231DE46B00EB916D /* NewGroupCollectionViewCell.swift */,
			);
			path = Group;
			sourceTree = "<group>";
		};
		74B5C4ED231E5C8700EB916D /* Expense */ = {
			isa = PBXGroup;
			children = (
				74B5C4EE231E5CB600EB916D /* CategoryCollectionViewCell.swift */,
				74AEC8FB231FC5E8003A6F01 /* TextFieldTableViewCell.swift */,
				74AEC8FC231FC5E8003A6F01 /* TextFieldTableViewCell.xib */,
				74AEC8FF2320837C003A6F01 /* CheckBoxTableViewCell.swift */,
				74AEC9002320837C003A6F01 /* CheckBoxTableViewCell.xib */,
				74AEC8F7231FAFF0003A6F01 /* SelectionTableViewCell.swift */,
				74AEC8F8231FAFF0003A6F01 /* SelectionTableViewCell.xib */,
				74641F39232096B00059B265 /* SplitTableViewCell.swift */,
				74641F3A232096B00059B265 /* SplitTableViewCell.xib */,
				7455837323265D2E008C1690 /* SplitTextFieldTableViewCell.swift */,
				7455837423265D2E008C1690 /* SplitTextFieldTableViewCell.xib */,
			);
			path = Expense;
			sourceTree = "<group>";
		};
		74BAAEA22328FA8B008623FF /* Home */ = {
			isa = PBXGroup;
			children = (
				74B5C4CB231DE47B00EB916D /* HomeViewController.swift */,
				74A1A0D8232B6728007C717A /* ExpenseViewController.swift */,
				74A1A0DA232B6EFF007C717A /* StatisticsViewController.swift */,
				74A1A0DC232B8535007C717A /* ResultViewController.swift */,
				74A1A0DE232B8675007C717A /* NotebookTableViewController.swift */,
			);
			path = Home;
			sourceTree = "<group>";
		};
		74D0051D2332378B0079D68E /* AddExpense */ = {
			isa = PBXGroup;
			children = (
				74B5C4C9231DE47B00EB916D /* AddExpenseViewController.swift */,
				74BA2AE02325D58A0010799E /* CalculatorViewController.swift */,
			);
			path = AddExpense;
			sourceTree = "<group>";
		};
		74D0051E233237C00079D68E /* Setting */ = {
			isa = PBXGroup;
			children = (
				7451C4582326EA6D00EA0AEB /* ModallyMeauViewController.swift */,
			);
			path = Setting;
			sourceTree = "<group>";
		};
		74D0051F233237E30079D68E /* Group */ = {
			isa = PBXGroup;
			children = (
				74B5C4CA231DE47B00EB916D /* GroupListViewController.swift */,
				74D0051B23320E4B0079D68E /* GroupViewController.swift */,
				7451C46223272B4800EA0AEB /* InviteViewController.swift */,
			);
			path = Group;
			sourceTree = "<group>";
		};
		74D00520233246A10079D68E /* AddExpense */ = {
			isa = PBXGroup;
			children = (
				74D00521233246C50079D68E /* AmountTypeController.swift */,
				74D005242332490E0079D68E /* ExpenseController.swift */,
				74D0052623324AC30079D68E /* PayerController.swift */,
				74D0052823324B2D0079D68E /* SplitController.swift */,
				74D0052A23324B5F0079D68E /* PayDateController.swift */,
			);
			path = AddExpense;
			sourceTree = "<group>";
		};
		74D611D1231D006700A301E9 /* ThridPratyWrapper */ = {
			isa = PBXGroup;
			children = (
				74D611D2231D008D00A301E9 /* SwiftIconFont.swift */,
				747AE9A6232E3C50007D855B /* Kingfisher.swift */,
				74F92B942338CF6F00FD7DE2 /* JGProgressHUDWrapper.swift */,
			);
			path = ThridPratyWrapper;
			sourceTree = "<group>";
		};
		C85C2E27063BF58370E2CD36 /* Frameworks */ = {
			isa = PBXGroup;
			children = (
				E0E018E2029FD73E0459A7E1 /* Pods_ShareTogether.framework */,
			);
			name = Frameworks;
			sourceTree = "<group>";
		};
/* End PBXGroup section */

/* Begin PBXNativeTarget section */
		74960E9E23150834006BF12C /* ShareTogether */ = {
			isa = PBXNativeTarget;
			buildConfigurationList = 74960EB123150838006BF12C /* Build configuration list for PBXNativeTarget "ShareTogether" */;
			buildPhases = (
				BE8DF38700D77D50362DCD2E /* [CP] Check Pods Manifest.lock */,
				74960E9B23150834006BF12C /* Sources */,
				74960E9C23150834006BF12C /* Frameworks */,
				74960E9D23150834006BF12C /* Resources */,
				74F9DD67231555B200A87673 /* ShellScript */,
				2EC8BFE67D2B06E8B18B8901 /* [CP] Embed Pods Frameworks */,
				2A7D4E26695E4905E92507B5 /* [CP] Copy Pods Resources */,
			);
			buildRules = (
			);
			dependencies = (
			);
			name = ShareTogether;
			productName = ShareTogether;
			productReference = 74960E9F23150834006BF12C /* ShareTogether.app */;
			productType = "com.apple.product-type.application";
		};
/* End PBXNativeTarget section */

/* Begin PBXProject section */
		74960E9723150834006BF12C /* Project object */ = {
			isa = PBXProject;
			attributes = {
				LastSwiftUpdateCheck = 1030;
				LastUpgradeCheck = 1030;
				ORGANIZATIONNAME = littema;
				TargetAttributes = {
					74960E9E23150834006BF12C = {
						CreatedOnToolsVersion = 10.3;
					};
				};
			};
			buildConfigurationList = 74960E9A23150834006BF12C /* Build configuration list for PBXProject "ShareTogether" */;
			compatibilityVersion = "Xcode 9.3";
			developmentRegion = en;
			hasScannedForEncodings = 0;
			knownRegions = (
				en,
				Base,
			);
			mainGroup = 74960E9623150834006BF12C;
			productRefGroup = 74960EA023150834006BF12C /* Products */;
			projectDirPath = "";
			projectRoot = "";
			targets = (
				74960E9E23150834006BF12C /* ShareTogether */,
			);
		};
/* End PBXProject section */

/* Begin PBXResourcesBuildPhase section */
		74960E9D23150834006BF12C /* Resources */ = {
			isa = PBXResourcesBuildPhase;
			buildActionMask = 2147483647;
			files = (
				74D611D0231CEF7600A301E9 /* Main.storyboard in Resources */,
				74AEC8FE231FC5E9003A6F01 /* TextFieldTableViewCell.xib in Resources */,
				7451C46123271AB200EA0AEB /* AddNotebookTableViewCell.xib in Resources */,
				74AEC9022320837C003A6F01 /* CheckBoxTableViewCell.xib in Resources */,
				748A84F62319216B00EE00A0 /* Expense.storyboard in Resources */,
				745CC98A232146F700426D1A /* MemberTableViewCell.xib in Resources */,
				7455837623265D2E008C1690 /* SplitTextFieldTableViewCell.xib in Resources */,
				74AEC8FA231FAFF0003A6F01 /* SelectionTableViewCell.xib in Resources */,
				74B5C4DB231DE48800EB916D /* ResultTableViewCell.xib in Resources */,
				74641F3C232096B00059B265 /* SplitTableViewCell.xib in Resources */,
				747AB9052324D38C00007A32 /* Login.storyboard in Resources */,
				74960EAD23150838006BF12C /* LaunchScreen.storyboard in Resources */,
				74641F442320FB3A0059B265 /* NotebookTableViewCell.xib in Resources */,
				74B5C4D9231DE48800EB916D /* ExpenseTableViewCell.xib in Resources */,
				745CC984232106C200426D1A /* ActivityTableViewCell.xib in Resources */,
				74960EAA23150838006BF12C /* Assets.xcassets in Resources */,
				74B5C4E8231DED8400EB916D /* Activity.storyboard in Resources */,
				74B9AE0C233877D40029A8BE /* Group.storyboard in Resources */,
				743F4E62232F3FA3009BA6BA /* Menu.storyboard in Resources */,
				74B5C4DC231DE48800EB916D /* StatisticsTableViewCell.xib in Resources */,
				74960EA823150834006BF12C /* Home.storyboard in Resources */,
				74975EB42327764A008FC7B0 /* GoogleService-Info.plist in Resources */,
				742468BE2338422D00528202 /* Search.storyboard in Resources */,
			);
			runOnlyForDeploymentPostprocessing = 0;
		};
/* End PBXResourcesBuildPhase section */

/* Begin PBXShellScriptBuildPhase section */
		2A7D4E26695E4905E92507B5 /* [CP] Copy Pods Resources */ = {
			isa = PBXShellScriptBuildPhase;
			buildActionMask = 2147483647;
			files = (
			);
			inputFileListPaths = (
				"${PODS_ROOT}/Target Support Files/Pods-ShareTogether/Pods-ShareTogether-resources-${CONFIGURATION}-input-files.xcfilelist",
			);
			name = "[CP] Copy Pods Resources";
			outputFileListPaths = (
				"${PODS_ROOT}/Target Support Files/Pods-ShareTogether/Pods-ShareTogether-resources-${CONFIGURATION}-output-files.xcfilelist",
			);
			runOnlyForDeploymentPostprocessing = 0;
			shellPath = /bin/sh;
			shellScript = "\"${PODS_ROOT}/Target Support Files/Pods-ShareTogether/Pods-ShareTogether-resources.sh\"\n";
			showEnvVarsInLog = 0;
		};
		2EC8BFE67D2B06E8B18B8901 /* [CP] Embed Pods Frameworks */ = {
			isa = PBXShellScriptBuildPhase;
			buildActionMask = 2147483647;
			files = (
			);
			inputFileListPaths = (
				"${PODS_ROOT}/Target Support Files/Pods-ShareTogether/Pods-ShareTogether-frameworks-${CONFIGURATION}-input-files.xcfilelist",
			);
			name = "[CP] Embed Pods Frameworks";
			outputFileListPaths = (
				"${PODS_ROOT}/Target Support Files/Pods-ShareTogether/Pods-ShareTogether-frameworks-${CONFIGURATION}-output-files.xcfilelist",
			);
			runOnlyForDeploymentPostprocessing = 0;
			shellPath = /bin/sh;
			shellScript = "\"${PODS_ROOT}/Target Support Files/Pods-ShareTogether/Pods-ShareTogether-frameworks.sh\"\n";
			showEnvVarsInLog = 0;
		};
		74F9DD67231555B200A87673 /* ShellScript */ = {
			isa = PBXShellScriptBuildPhase;
			buildActionMask = 2147483647;
			files = (
			);
			inputFileListPaths = (
			);
			inputPaths = (
			);
			outputFileListPaths = (
			);
			outputPaths = (
			);
			runOnlyForDeploymentPostprocessing = 0;
			shellPath = /bin/sh;
			shellScript = "\"${PODS_ROOT}/SwiftLint/swiftlint\"\n";
		};
		BE8DF38700D77D50362DCD2E /* [CP] Check Pods Manifest.lock */ = {
			isa = PBXShellScriptBuildPhase;
			buildActionMask = 2147483647;
			files = (
			);
			inputFileListPaths = (
			);
			inputPaths = (
				"${PODS_PODFILE_DIR_PATH}/Podfile.lock",
				"${PODS_ROOT}/Manifest.lock",
			);
			name = "[CP] Check Pods Manifest.lock";
			outputFileListPaths = (
			);
			outputPaths = (
				"$(DERIVED_FILE_DIR)/Pods-ShareTogether-checkManifestLockResult.txt",
			);
			runOnlyForDeploymentPostprocessing = 0;
			shellPath = /bin/sh;
			shellScript = "diff \"${PODS_PODFILE_DIR_PATH}/Podfile.lock\" \"${PODS_ROOT}/Manifest.lock\" > /dev/null\nif [ $? != 0 ] ; then\n    # print error to STDERR\n    echo \"error: The sandbox is not in sync with the Podfile.lock. Run 'pod install' or update your CocoaPods installation.\" >&2\n    exit 1\nfi\n# This output is used by Xcode 'outputs' to avoid re-running this script phase.\necho \"SUCCESS\" > \"${SCRIPT_OUTPUT_FILE_0}\"\n";
			showEnvVarsInLog = 0;
		};
/* End PBXShellScriptBuildPhase section */

/* Begin PBXSourcesBuildPhase section */
		74960E9B23150834006BF12C /* Sources */ = {
			isa = PBXSourcesBuildPhase;
			buildActionMask = 2147483647;
			files = (
				74A1A0DB232B6EFF007C717A /* StatisticsViewController.swift in Sources */,
				747AB9092324EC7500007A32 /* UITexField+Extension.swift in Sources */,
				74B5C4CE231DE47B00EB916D /* GroupListViewController.swift in Sources */,
				745CACC823169FD30055A60C /* HomeExpenseCellViewModel.swift in Sources */,
				74B9AE0F2338BA1F0029A8BE /* SearchViewModel.swift in Sources */,
				747AB9072324DFED00007A32 /* LoginViewController.swift in Sources */,
				747AB90B2324F38A00007A32 /* SignUpViewController.swift in Sources */,
				745CACCA231784DF0055A60C /* String+Extension.swift in Sources */,
				74AEC8FD231FC5E9003A6F01 /* TextFieldTableViewCell.swift in Sources */,
				74641F432320FB3A0059B265 /* NotebookTableViewCell.swift in Sources */,
				74B5C4EC231E044800EB916D /* STBaseViewController.swift in Sources */,
				74B5C4DF231DE48800EB916D /* StatisticsTableViewCell.swift in Sources */,
				74A1A0DF232B8675007C717A /* NotebookTableViewController.swift in Sources */,
				745CC98F232249CE00426D1A /* CustomTransitionAnimation.swift in Sources */,
				74A1A0E3232CD5F8007C717A /* UserInfoManager.swift in Sources */,
				74D0052923324B2D0079D68E /* SplitController.swift in Sources */,
				74641F3B232096B00059B265 /* SplitTableViewCell.swift in Sources */,
				741E2B96232E361700350F42 /* GroupListViewModel.swift in Sources */,
				74D0052723324AC30079D68E /* PayerController.swift in Sources */,
				747B6EDC2334CE76000FE48B /* HomeViewModel.swift in Sources */,
				745CC990232249CE00426D1A /* Animatable.swift in Sources */,
				74A1A0E5232D8C76007C717A /* Date+Extension.swift in Sources */,
				74BA2AE32326517E0010799E /* SelectionView.swift in Sources */,
				742468C12338425800528202 /* SearchViewController.swift in Sources */,
				74F92B9923396C3F00FD7DE2 /* EmptyInfoView.swift in Sources */,
				74960EA323150834006BF12C /* AppDelegate.swift in Sources */,
				745CACC423169E530055A60C /* ExpenseViewModel.swift in Sources */,
				74B5C4DA231DE48800EB916D /* ExpenseTableViewCell.swift in Sources */,
				74A1A0E1232B8F6E007C717A /* FirestoreManager.swift in Sources */,
				743F4E66232F923D009BA6BA /* InviteViewModel.swift in Sources */,
				74525B0C231C9B2500670D6E /* UICollectionView+Extension.swift in Sources */,
				74B5C4EF231E5CB600EB916D /* CategoryCollectionViewCell.swift in Sources */,
				74B5C4CF231DE47B00EB916D /* HomeViewController.swift in Sources */,
				742E5F4E23304E8E001EDF54 /* AddGroupViewModel.swift in Sources */,
				7451C46023271AB200EA0AEB /* AddNotebookTableViewCell.swift in Sources */,
				745CC9942322863500426D1A /* UIView+Extension.swift in Sources */,
				7455837523265D2E008C1690 /* SplitTextFieldTableViewCell.swift in Sources */,
				744BBFA823162B1900434D7A /* UIColor+Extension.swift in Sources */,
				749573972337D442003997BD /* ActivityViewModel.swift in Sources */,
				74A1A0E7232D93C6007C717A /* ExpenseType.swift in Sources */,
				74B5C4CD231DE47B00EB916D /* AddExpenseViewController.swift in Sources */,
				74D00522233246C50079D68E /* AmountTypeController.swift in Sources */,
				748A84F82319244000EE00A0 /* UIStoryboard+Extension.swift in Sources */,
				74D0051C23320E4B0079D68E /* GroupViewController.swift in Sources */,
				74AEC9012320837C003A6F01 /* CheckBoxTableViewCell.swift in Sources */,
				74B5C4C8231DE46B00EB916D /* GroupCollectionViewCell.swift in Sources */,
				74B5C4D0231DE47B00EB916D /* ActivityViewController.swift in Sources */,
				74A1A0D9232B6728007C717A /* ExpenseViewController.swift in Sources */,
				74D611D3231D008D00A301E9 /* SwiftIconFont.swift in Sources */,
				74B5C4E4231DE48F00EB916D /* STTabBarController.swift in Sources */,
				74D0052B23324B5F0079D68E /* PayDateController.swift in Sources */,
				7451C46323272B4800EA0AEB /* InviteViewController.swift in Sources */,
				745CC98E232249CE00426D1A /* NavigationController.swift in Sources */,
				74D005252332490E0079D68E /* ExpenseController.swift in Sources */,
				74AEC8F9231FAFF0003A6F01 /* SelectionTableViewCell.swift in Sources */,
				74A1A0DD232B8535007C717A /* ResultViewController.swift in Sources */,
				742E5F5023306373001EDF54 /* MemberStatusType.swift in Sources */,
				747AE9A7232E3C50007D855B /* Kingfisher.swift in Sources */,
				74B5C4F5231E7E1800EB916D /* TabView.swift in Sources */,
				7451C4592326EA6D00EA0AEB /* ModallyMeauViewController.swift in Sources */,
				74975EB623277A61008FC7B0 /* AuthManager.swift in Sources */,
				74B5C4E6231DE48F00EB916D /* ScrollSelectionView.swift in Sources */,
				745CACC2231672810055A60C /* UITableView+Extension.swift in Sources */,
				74F92B952338CF7000FD7DE2 /* JGProgressHUDWrapper.swift in Sources */,
				74BA2AE12325D58A0010799E /* CalculatorViewController.swift in Sources */,
				745CC9862321164E00426D1A /* Direction.swift in Sources */,
				745CC983232106C200426D1A /* ActivityTableViewCell.swift in Sources */,
				742E5F552331B5D5001EDF54 /* ExpenseHeaderFooterView.swift in Sources */,
				742E5F522331A6EA001EDF54 /* AlertManager.swift in Sources */,
				74B5C4C7231DE46B00EB916D /* NewGroupCollectionViewCell.swift in Sources */,
				743F4E64232F4317009BA6BA /* StorageManager.swift in Sources */,
				745CC989232146F700426D1A /* MemberTableViewCell.swift in Sources */,
				745CACDE2317C9D60055A60C /* NotebookViewModel.swift in Sources */,
				74B5C4DD231DE48800EB916D /* ResultTableViewCell.swift in Sources */,
				745CACD72317C6950055A60C /* ResultViewModel.swift in Sources */,
				74B5C4F1231E7BB400EB916D /* STNavigationController.swift in Sources */,
			);
			runOnlyForDeploymentPostprocessing = 0;
		};
/* End PBXSourcesBuildPhase section */

/* Begin PBXVariantGroup section */
		74960EA623150834006BF12C /* Home.storyboard */ = {
			isa = PBXVariantGroup;
			children = (
				74960EA723150834006BF12C /* Base */,
			);
			name = Home.storyboard;
			sourceTree = "<group>";
		};
		74960EAB23150838006BF12C /* LaunchScreen.storyboard */ = {
			isa = PBXVariantGroup;
			children = (
				74960EAC23150838006BF12C /* Base */,
			);
			name = LaunchScreen.storyboard;
			sourceTree = "<group>";
		};
/* End PBXVariantGroup section */

/* Begin XCBuildConfiguration section */
		74960EAF23150838006BF12C /* Debug */ = {
			isa = XCBuildConfiguration;
			buildSettings = {
				ALWAYS_SEARCH_USER_PATHS = NO;
				CLANG_ANALYZER_NONNULL = YES;
				CLANG_ANALYZER_NUMBER_OBJECT_CONVERSION = YES_AGGRESSIVE;
				CLANG_CXX_LANGUAGE_STANDARD = "gnu++14";
				CLANG_CXX_LIBRARY = "libc++";
				CLANG_ENABLE_MODULES = YES;
				CLANG_ENABLE_OBJC_ARC = YES;
				CLANG_ENABLE_OBJC_WEAK = YES;
				CLANG_WARN_BLOCK_CAPTURE_AUTORELEASING = YES;
				CLANG_WARN_BOOL_CONVERSION = YES;
				CLANG_WARN_COMMA = YES;
				CLANG_WARN_CONSTANT_CONVERSION = YES;
				CLANG_WARN_DEPRECATED_OBJC_IMPLEMENTATIONS = YES;
				CLANG_WARN_DIRECT_OBJC_ISA_USAGE = YES_ERROR;
				CLANG_WARN_DOCUMENTATION_COMMENTS = YES;
				CLANG_WARN_EMPTY_BODY = YES;
				CLANG_WARN_ENUM_CONVERSION = YES;
				CLANG_WARN_INFINITE_RECURSION = YES;
				CLANG_WARN_INT_CONVERSION = YES;
				CLANG_WARN_NON_LITERAL_NULL_CONVERSION = YES;
				CLANG_WARN_OBJC_IMPLICIT_RETAIN_SELF = YES;
				CLANG_WARN_OBJC_LITERAL_CONVERSION = YES;
				CLANG_WARN_OBJC_ROOT_CLASS = YES_ERROR;
				CLANG_WARN_RANGE_LOOP_ANALYSIS = YES;
				CLANG_WARN_STRICT_PROTOTYPES = YES;
				CLANG_WARN_SUSPICIOUS_MOVE = YES;
				CLANG_WARN_UNGUARDED_AVAILABILITY = YES_AGGRESSIVE;
				CLANG_WARN_UNREACHABLE_CODE = YES;
				CLANG_WARN__DUPLICATE_METHOD_MATCH = YES;
				CODE_SIGN_IDENTITY = "iPhone Developer";
				COPY_PHASE_STRIP = NO;
				DEBUG_INFORMATION_FORMAT = dwarf;
				ENABLE_STRICT_OBJC_MSGSEND = YES;
				ENABLE_TESTABILITY = YES;
				GCC_C_LANGUAGE_STANDARD = gnu11;
				GCC_DYNAMIC_NO_PIC = NO;
				GCC_NO_COMMON_BLOCKS = YES;
				GCC_OPTIMIZATION_LEVEL = 0;
				GCC_PREPROCESSOR_DEFINITIONS = (
					"DEBUG=1",
					"$(inherited)",
				);
				GCC_WARN_64_TO_32_BIT_CONVERSION = YES;
				GCC_WARN_ABOUT_RETURN_TYPE = YES_ERROR;
				GCC_WARN_UNDECLARED_SELECTOR = YES;
				GCC_WARN_UNINITIALIZED_AUTOS = YES_AGGRESSIVE;
				GCC_WARN_UNUSED_FUNCTION = YES;
				GCC_WARN_UNUSED_VARIABLE = YES;
				IPHONEOS_DEPLOYMENT_TARGET = 13.0;
				MTL_ENABLE_DEBUG_INFO = INCLUDE_SOURCE;
				MTL_FAST_MATH = YES;
				ONLY_ACTIVE_ARCH = YES;
				OTHER_LDFLAGS = "-ObjC";
				SDKROOT = iphoneos;
				SWIFT_ACTIVE_COMPILATION_CONDITIONS = DEBUG;
				SWIFT_OPTIMIZATION_LEVEL = "-Onone";
			};
			name = Debug;
		};
		74960EB023150838006BF12C /* Release */ = {
			isa = XCBuildConfiguration;
			buildSettings = {
				ALWAYS_SEARCH_USER_PATHS = NO;
				CLANG_ANALYZER_NONNULL = YES;
				CLANG_ANALYZER_NUMBER_OBJECT_CONVERSION = YES_AGGRESSIVE;
				CLANG_CXX_LANGUAGE_STANDARD = "gnu++14";
				CLANG_CXX_LIBRARY = "libc++";
				CLANG_ENABLE_MODULES = YES;
				CLANG_ENABLE_OBJC_ARC = YES;
				CLANG_ENABLE_OBJC_WEAK = YES;
				CLANG_WARN_BLOCK_CAPTURE_AUTORELEASING = YES;
				CLANG_WARN_BOOL_CONVERSION = YES;
				CLANG_WARN_COMMA = YES;
				CLANG_WARN_CONSTANT_CONVERSION = YES;
				CLANG_WARN_DEPRECATED_OBJC_IMPLEMENTATIONS = YES;
				CLANG_WARN_DIRECT_OBJC_ISA_USAGE = YES_ERROR;
				CLANG_WARN_DOCUMENTATION_COMMENTS = YES;
				CLANG_WARN_EMPTY_BODY = YES;
				CLANG_WARN_ENUM_CONVERSION = YES;
				CLANG_WARN_INFINITE_RECURSION = YES;
				CLANG_WARN_INT_CONVERSION = YES;
				CLANG_WARN_NON_LITERAL_NULL_CONVERSION = YES;
				CLANG_WARN_OBJC_IMPLICIT_RETAIN_SELF = YES;
				CLANG_WARN_OBJC_LITERAL_CONVERSION = YES;
				CLANG_WARN_OBJC_ROOT_CLASS = YES_ERROR;
				CLANG_WARN_RANGE_LOOP_ANALYSIS = YES;
				CLANG_WARN_STRICT_PROTOTYPES = YES;
				CLANG_WARN_SUSPICIOUS_MOVE = YES;
				CLANG_WARN_UNGUARDED_AVAILABILITY = YES_AGGRESSIVE;
				CLANG_WARN_UNREACHABLE_CODE = YES;
				CLANG_WARN__DUPLICATE_METHOD_MATCH = YES;
				CODE_SIGN_IDENTITY = "iPhone Developer";
				COPY_PHASE_STRIP = NO;
				DEBUG_INFORMATION_FORMAT = "dwarf-with-dsym";
				ENABLE_NS_ASSERTIONS = NO;
				ENABLE_STRICT_OBJC_MSGSEND = YES;
				GCC_C_LANGUAGE_STANDARD = gnu11;
				GCC_NO_COMMON_BLOCKS = YES;
				GCC_WARN_64_TO_32_BIT_CONVERSION = YES;
				GCC_WARN_ABOUT_RETURN_TYPE = YES_ERROR;
				GCC_WARN_UNDECLARED_SELECTOR = YES;
				GCC_WARN_UNINITIALIZED_AUTOS = YES_AGGRESSIVE;
				GCC_WARN_UNUSED_FUNCTION = YES;
				GCC_WARN_UNUSED_VARIABLE = YES;
				IPHONEOS_DEPLOYMENT_TARGET = 13.0;
				MTL_ENABLE_DEBUG_INFO = NO;
				MTL_FAST_MATH = YES;
				OTHER_LDFLAGS = "-ObjC";
				SDKROOT = iphoneos;
				SWIFT_COMPILATION_MODE = wholemodule;
				SWIFT_OPTIMIZATION_LEVEL = "-O";
				VALIDATE_PRODUCT = YES;
			};
			name = Release;
		};
		74960EB223150838006BF12C /* Debug */ = {
			isa = XCBuildConfiguration;
			baseConfigurationReference = 35E2FFF816BE8EA55FE2021B /* Pods-ShareTogether.debug.xcconfig */;
			buildSettings = {
				ASSETCATALOG_COMPILER_APPICON_NAME = AppIcon;
				CODE_SIGN_ENTITLEMENTS = ShareTogether/ShareTogether.entitlements;
				CODE_SIGN_STYLE = Automatic;
				DEVELOPMENT_TEAM = 2NZHQL2FPV;
				INFOPLIST_FILE = ShareTogether/Info.plist;
				IPHONEOS_DEPLOYMENT_TARGET = 13.0;
				LD_RUNPATH_SEARCH_PATHS = (
					"$(inherited)",
					"@executable_path/Frameworks",
				);
				PRODUCT_BUNDLE_IDENTIFIER = com.littlema.ShareTogether;
				PRODUCT_NAME = "$(TARGET_NAME)";
				SWIFT_VERSION = 5.0;
				TARGETED_DEVICE_FAMILY = 1;
			};
			name = Debug;
		};
		74960EB323150838006BF12C /* Release */ = {
			isa = XCBuildConfiguration;
			baseConfigurationReference = 6EE45046B2151DE911C1D99A /* Pods-ShareTogether.release.xcconfig */;
			buildSettings = {
				ASSETCATALOG_COMPILER_APPICON_NAME = AppIcon;
				CODE_SIGN_ENTITLEMENTS = ShareTogether/ShareTogether.entitlements;
				CODE_SIGN_STYLE = Automatic;
				DEVELOPMENT_TEAM = 2NZHQL2FPV;
				INFOPLIST_FILE = ShareTogether/Info.plist;
				IPHONEOS_DEPLOYMENT_TARGET = 13.0;
				LD_RUNPATH_SEARCH_PATHS = (
					"$(inherited)",
					"@executable_path/Frameworks",
				);
				PRODUCT_BUNDLE_IDENTIFIER = com.littlema.ShareTogether;
				PRODUCT_NAME = "$(TARGET_NAME)";
				SWIFT_VERSION = 5.0;
				TARGETED_DEVICE_FAMILY = 1;
			};
			name = Release;
		};
/* End XCBuildConfiguration section */

/* Begin XCConfigurationList section */
		74960E9A23150834006BF12C /* Build configuration list for PBXProject "ShareTogether" */ = {
			isa = XCConfigurationList;
			buildConfigurations = (
				74960EAF23150838006BF12C /* Debug */,
				74960EB023150838006BF12C /* Release */,
			);
			defaultConfigurationIsVisible = 0;
			defaultConfigurationName = Release;
		};
		74960EB123150838006BF12C /* Build configuration list for PBXNativeTarget "ShareTogether" */ = {
			isa = XCConfigurationList;
			buildConfigurations = (
				74960EB223150838006BF12C /* Debug */,
				74960EB323150838006BF12C /* Release */,
			);
			defaultConfigurationIsVisible = 0;
			defaultConfigurationName = Release;
		};
/* End XCConfigurationList section */
	};
	rootObject = 74960E9723150834006BF12C /* Project object */;
}
